{
  "name": "sosconf",
  "version": "0.1.0",
  "lockfileVersion": 1,
  "requires": true,
  "dependencies": {
    "react-intl": {
      "version": "2.8.0",
      "resolved": "http://registry.npm.taobao.org/react-intl/download/react-intl-2.8.0.tgz",
      "dependencies": {
        "hoist-non-react-statics": {
          "version": "http://registry.npm.taobao.org/hoist-non-react-statics/download/hoist-non-react-statics-2.5.5.tgz",
          "bundled": true
        },
        "intl-format-cache": {
          "version": "http://registry.npm.taobao.org/intl-format-cache/download/intl-format-cache-2.1.0.tgz",
          "bundled": true
        },
        "intl-messageformat": {
          "version": "http://registry.npm.taobao.org/intl-messageformat/download/intl-messageformat-2.2.0.tgz",
          "bundled": true
        },
        "intl-relativeformat": {
          "version": "http://registry.npm.taobao.org/intl-relativeformat/download/intl-relativeformat-2.1.0.tgz",
          "bundled": true
        },
        "invariant": {
          "version": "http://registry.npm.taobao.org/invariant/download/invariant-2.2.4.tgz?cache=0&other_urls=http%3A%2F%2Fregistry.npm.taobao.org%2Finvariant%2Fdownload%2Finvariant-2.2.4.tgz",
          "bundled": true,
          "dependencies": {
            "loose-envify": {
              "version": "http://registry.npm.taobao.org/loose-envify/download/loose-envify-1.4.0.tgz",
              "bundled": true
            }
          }
        }
      }
    },
    "react-router-dom": {
      "version": "4.3.1",
      "resolved": "http://registry.npm.taobao.org/react-router-dom/download/react-router-dom-4.3.1.tgz",
      "dependencies": {
        "history": {
          "version": "http://registry.npm.taobao.org/history/download/history-4.7.2.tgz",
          "bundled": true,
          "dependencies": {
            "invariant": {
              "version": "http://registry.npm.taobao.org/invariant/download/invariant-2.2.4.tgz?cache=0&other_urls=http%3A%2F%2Fregistry.npm.taobao.org%2Finvariant%2Fdownload%2Finvariant-2.2.4.tgz"
            },
            "loose-envify": {
              "version": "http://registry.npm.taobao.org/loose-envify/download/loose-envify-1.4.0.tgz",
              "dependencies": {
                "js-tokens": {
                  "version": "http://registry.npm.taobao.org/js-tokens/download/js-tokens-4.0.0.tgz"
                }
              }
            },
            "resolve-pathname": {
              "version": "http://registry.npm.taobao.org/resolve-pathname/download/resolve-pathname-2.2.0.tgz"
            },
            "value-equal": {
              "version": "http://registry.npm.taobao.org/value-equal/download/value-equal-0.4.0.tgz"
            },
            "warning": {
              "version": "http://registry.npm.taobao.org/warning/download/warning-3.0.0.tgz"
            }
          }
        },
        "invariant": {
          "version": "http://registry.npm.taobao.org/invariant/download/invariant-2.2.4.tgz?cache=0&other_urls=http%3A%2F%2Fregistry.npm.taobao.org%2Finvariant%2Fdownload%2Finvariant-2.2.4.tgz",
          "bundled": true,
          "dependencies": {
            "loose-envify": {
              "version": "http://registry.npm.taobao.org/loose-envify/download/loose-envify-1.4.0.tgz",
              "bundled": true
            }
          }
        },
        "loose-envify": {
          "version": "http://registry.npm.taobao.org/loose-envify/download/loose-envify-1.4.0.tgz",
          "bundled": true,
          "dependencies": {
            "js-tokens": {
              "version": "http://registry.npm.taobao.org/js-tokens/download/js-tokens-4.0.0.tgz"
            }
          }
        },
        "prop-types": {
          "version": "http://registry.npm.taobao.org/prop-types/download/prop-types-15.7.2.tgz?cache=0&other_urls=http%3A%2F%2Fregistry.npm.taobao.org%2Fprop-types%2Fdownload%2Fprop-types-15.7.2.tgz",
          "bundled": true
        },
        "react-router": {
          "version": "http://registry.npm.taobao.org/react-router/download/react-router-4.3.1.tgz?cache=0&other_urls=http%3A%2F%2Fregistry.npm.taobao.org%2Freact-router%2Fdownload%2Freact-router-4.3.1.tgz",
          "bundled": true,
          "dependencies": {
            "history": {
              "version": "http://registry.npm.taobao.org/history/download/history-4.7.2.tgz",
              "dependencies": {
                "invariant": {
                  "version": "http://registry.npm.taobao.org/invariant/download/invariant-2.2.4.tgz?cache=0&other_urls=http%3A%2F%2Fregistry.npm.taobao.org%2Finvariant%2Fdownload%2Finvariant-2.2.4.tgz"
                },
                "loose-envify": {
                  "version": "http://registry.npm.taobao.org/loose-envify/download/loose-envify-1.4.0.tgz",
                  "dependencies": {}
                },
                "resolve-pathname": {
                  "version": "http://registry.npm.taobao.org/resolve-pathname/download/resolve-pathname-2.2.0.tgz"
                },
                "value-equal": {
                  "version": "http://registry.npm.taobao.org/value-equal/download/value-equal-0.4.0.tgz"
                },
                "warning": {
                  "version": "http://registry.npm.taobao.org/warning/download/warning-3.0.0.tgz"
                }
              }
            },
            "hoist-non-react-statics": {
              "version": "http://registry.npm.taobao.org/hoist-non-react-statics/download/hoist-non-react-statics-2.5.5.tgz"
            },
            "invariant": {
              "version": "http://registry.npm.taobao.org/invariant/download/invariant-2.2.4.tgz?cache=0&other_urls=http%3A%2F%2Fregistry.npm.taobao.org%2Finvariant%2Fdownload%2Finvariant-2.2.4.tgz",
              "dependencies": {
                "loose-envify": {
                  "version": "http://registry.npm.taobao.org/loose-envify/download/loose-envify-1.4.0.tgz",
                  "bundled": true
                }
              }
            },
            "loose-envify": {
              "version": "http://registry.npm.taobao.org/loose-envify/download/loose-envify-1.4.0.tgz",
              "dependencies": {
                "js-tokens": {
                  "version": "http://registry.npm.taobao.org/js-tokens/download/js-tokens-4.0.0.tgz"
                }
              }
            },
            "path-to-regexp": {
              "version": "http://registry.npm.taobao.org/path-to-regexp/download/path-to-regexp-1.7.0.tgz"
            },
            "prop-types": {
              "version": "http://registry.npm.taobao.org/prop-types/download/prop-types-15.7.2.tgz?cache=0&other_urls=http%3A%2F%2Fregistry.npm.taobao.org%2Fprop-types%2Fdownload%2Fprop-types-15.7.2.tgz",
              "dependencies": {
                "loose-envify": {
                  "version": "http://registry.npm.taobao.org/loose-envify/download/loose-envify-1.4.0.tgz",
                  "dependencies": {
                    "js-tokens": {
                      "version": "http://registry.npm.taobao.org/js-tokens/download/js-tokens-4.0.0.tgz"
                    }
                  }
                },
                "object-assign": {
                  "version": "http://registry.npm.taobao.org/object-assign/download/object-assign-4.1.1.tgz"
                },
                "react-is": {
                  "version": "http://registry.npm.taobao.org/react-is/download/react-is-16.8.4.tgz"
                }
              }
            },
            "warning": {
              "version": "http://registry.npm.taobao.org/warning/download/warning-4.0.3.tgz"
            }
          }
        },
        "warning": {
          "version": "http://registry.npm.taobao.org/warning/download/warning-4.0.3.tgz",
          "bundled": true,
          "dependencies": {
            "loose-envify": {
              "version": "http://registry.npm.taobao.org/loose-envify/download/loose-envify-1.4.0.tgz",
              "bundled": true,
              "dependencies": {
                "js-tokens": {
                  "version": "http://registry.npm.taobao.org/js-tokens/download/js-tokens-4.0.0.tgz"
                }
              }
            }
          }
        }
      }
    }
  }
}
